
Microsoft Visual Studio Solution File, Format Version 12.00
# Visual Studio Version 17
VisualStudioVersion = 17.0.31612.314
MinimumVisualStudioVersion = 10.0.40219.1
Project("{9A19103F-16F7-4668-BE54-9A1E7A4F7556}") = "Jiminy.Console", "Jiminy\Jiminy.Console.csproj", "{88852F58-2D96-491F-B600-67AEED6FCBAF}"
EndProject
Project("{9A19103F-16F7-4668-BE54-9A1E7A4F7556}") = "Jiminy.Library", "Jiminy.Library\Jiminy.Library.csproj", "{1594E129-6685-4FAD-9B97-C2D9F6DF4464}"
EndProject
Project("{2150E333-8FDC-42A3-9474-1A3956D46DE8}") = "Solution Items", "Solution Items", "{0FD55D14-C284-4924-8EBF-6A60250CA5B5}"
	ProjectSection(SolutionItems) = preProject
		README.md = README.md
	EndProjectSection
EndProject
Global
	GlobalSection(SolutionConfigurationPlatforms) = preSolution
		Debug|Any CPU = Debug|Any CPU
		Release|Any CPU = Release|Any CPU
	EndGlobalSection
	GlobalSection(ProjectConfigurationPlatforms) = postSolution
		{88852F58-2D96-491F-B600-67AEED6FCBAF}.Debug|Any CPU.ActiveCfg = Debug|Any CPU
		{88852F58-2D96-491F-B600-67AEED6FCBAF}.Debug|Any CPU.Build.0 = Debug|Any CPU
		{88852F58-2D96-491F-B600-67AEED6FCBAF}.Release|Any CPU.ActiveCfg = Release|Any CPU
		{88852F58-2D96-491F-B600-67AEED6FCBAF}.Release|Any CPU.Build.0 = Release|Any CPU
		{1594E129-6685-4FAD-9B97-C2D9F6DF4464}.Debug|Any CPU.ActiveCfg = Debug|Any CPU
		{1594E129-6685-4FAD-9B97-C2D9F6DF4464}.Debug|Any CPU.Build.0 = Debug|Any CPU
		{1594E129-6685-4FAD-9B97-C2D9F6DF4464}.Release|Any CPU.ActiveCfg = Release|Any CPU
		{1594E129-6685-4FAD-9B97-C2D9F6DF4464}.Release|Any CPU.Build.0 = Release|Any CPU
	EndGlobalSection
	GlobalSection(SolutionProperties) = preSolution
		HideSolutionNode = FALSE
	EndGlobalSection
	GlobalSection(ExtensibilityGlobals) = postSolution
		SolutionGuid = {EB64AD08-BFB1-4C22-A531-2FF990DA117E}
	EndGlobalSection
EndGlobal
